name: f4pga_arch_def_base
channels:
  - litex-hub
  - defaults
dependencies:
  - _libgcc_mutex=0.1=main
  - _openmp_mutex=5.1=1_gnu
  - binutils-riscv64-elf=2.34=20220706_160221
  - bison=3.7.5=h2531618_1
  - bzip2=1.0.8=h5eee18b_6
  - c-ares=1.19.1=h5eee18b_0
  - ca-certificates=2024.9.24=h06a4308_0
  - capnproto=0.8.0=20210316_201220
  - capnproto-java=0.1.5_0012_g44a8c1e=20201104_165332
  - certifi=2022.12.7=py37h06a4308_0
  - cloog=0.18.0=0
  - cmake=3.22.1=h1fce559_0
  - cython=0.29.33=py37h6a678d5_0
  - dbus=1.13.18=hb2f20db_0
  - expat=2.6.3=h6a678d5_0
  - flake8=4.0.1=pyhd3eb1b0_1
  - flex=2.6.4=ha10e3a4_1
  - flit-core=3.6.0=pyhd3eb1b0_0
  - freetype=2.12.1=h4a9f257_0
  - gcc-riscv64-elf-newlib=9.2.0=20201119_154229
  - gcc-riscv64-elf-nostdc=9.2.0=20210923_213204
  - gdbm=1.18=hd4cb3f1_4
  - glib=2.78.4=h6a678d5_0
  - glib-tools=2.78.4=h6a678d5_0
  - gmp=6.2.1=h295c915_3
  - gperftools=2.15_128_gfc496c8=20240223_100318
  - icestorm=0.0_0719_g792cef0=20201120_145821
  - icu=73.1=h6a678d5_0
  - importlib-metadata=4.11.3=py37h06a4308_0
  - isl=0.21=20210924_145025
  - iverilog=s20150603_0957_gad862020=20201120_145821
  - krb5=1.20.1=h568e23c_1
  - ld_impl_linux-64=2.40=h12ee557_0
  - libcurl=8.2.1=h91b91d3_0
  - libedit=3.1.20230828=h5eee18b_0
  - libev=4.33=h7f8727e_1
  - libffi=3.4.4=h6a678d5_1
  - libftdi=1.3=20220706_155948
  - libgcc-ng=11.2.0=h1234567_1
  - libglib=2.78.4=hdc74915_0
  - libgomp=11.2.0=h1234567_1
  - libiconv=1.16=h5eee18b_3
  - libnghttp2=1.52.0=ha637b67_1
  - libpng=1.6.39=h5eee18b_0
  - libssh2=1.10.0=h37d81fd_2
  - libstdcxx-ng=11.2.0=h1234567_1
  - libunwind=1.5.0=h295c915_1
  - libusb=1.0.20=20220706_155948
  - libuuid=1.41.5=h5eee18b_0
  - libuv=1.44.2=h5eee18b_0
  - libxcb=1.15=h7f8727e_0
  - libxml2=2.13.1=hfdd30dd_2
  - lz4-c=1.9.4=h6a678d5_1
  - m4=1.4.18=h4e445db_0
  - make=4.2.1=h1bed415_1
  - mccabe=0.7.0=pyhd3eb1b0_0
  - mpc=1.1.0=h10f8cd9_1
  - mpfr=4.0.2=hb69a4c5_1
  - ncurses=6.4=h6a678d5_0
  - nodejs=18.16.0=ha637b67_1
  - openjdk=11.0.13=h87a67e3_0
  - openocd=0.10.0_1514_ga8edbd020=20201119_154304
  - openssl=1.1.1w=h7f8727e_0
  - packaging=21.3=pyhd3eb1b0_0
  - pcre=8.45=h295c915_0
  - pcre2=10.42=hebb0a14_1
  - perl=5.34.0=h5eee18b_2
  - pip=21.1.3=py37h06a4308_0
  - pkg-config=0.29.2=h1bed415_8
  - prjxray-db=0.0_257_g0a0adde=20240223_100318
  - prjxray-tools=0.1_3252_gc6f57643=20240223_100318
  - pycodestyle=2.8.0=pyhd3eb1b0_0
  - pyflakes=2.4.0=pyhd3eb1b0_0
  - pyparsing=3.0.9=py37h06a4308_0
  - python=3.7.16=h7a1cb2a_0
  - readline=8.2=h5eee18b_0
  - rhash=1.4.1=h3c74f83_1
  - setuptools=65.6.3=py37h06a4308_0
  - sqlite=3.45.3=h5eee18b_0
  - surelog=1.82_61_g2c4aba06b5=20240223_100318_py37
  - swig=4.0.2=h295c915_4
  - symbiflow-yosys-plugins=1.20230425_62_g0ad1af2=20230606_125334
  - tbb=2021.8.0=hdb19cb5_0
  - tk=8.6.14=h39e8969_0
  - typing_extensions=4.4.0=py37h06a4308_0
  - vtr-optimized=8.0.0_6959_ga7fae8fb2=20230131_213614
  - wheel=0.38.4=py37h06a4308_0
  - xz=5.4.6=h5eee18b_1
  - yosys=0.38_93_g84116c9a3=20240223_100318_py37
  - zachjs-sv2v=0.0.5_0025_ge9f9696=20201120_205532
  - zipp=3.11.0=py37h06a4308_0
  - zlib=1.2.13=h5eee18b_1
  - zstd=1.5.6=hc292b87_0
  - pip:
    - Arpeggio==2.0.2
    - attrs==24.2.0
    - cairocffi==1.6.1
    - CairoSVG==2.7.1
    - cffi==1.15.1
    - charset-normalizer==3.4.0
    - colorama==0.4.6
    - cryptography==43.0.1
    - cssselect2==0.7.0
    - cycler==0.11.0
    - defusedxml==0.7.1
    - edalize @ https://github.com/lowRISC/edalize/archive/ot.zip
    - exceptiongroup==1.2.2
    - f4pga @ https://github.com/chipsalliance/f4pga/archive/main.zip#subdirectory=f4pga
    - fasm==0.0.2.post88
    - fasm-utils @ 
    git+https://github.com/QuickLogic-Corp/quicklogic-fasm-utils@3d6a375ddb6b55aaa5a59d99e44a207d4c18709f
    - fonttools==4.38.0
    - fusesoc @ 
    git+https://github.com/lowRISC/fusesoc.git@14dfc825ced58fe1fb343662fa80fc4fbd0fdc50
    - gitdb==4.0.11
    - GitPython==3.1.43
    - hilbertcurve==1.0.5
    - idna==3.10
    - importlib-resources==5.12.0
    - iniconfig==2.0.0
    - intelhex==2.3.0
    - intervaltree==3.1.0
    - jinja2==3.1.4
    - jsonmerge==1.9.2
    - jsonschema==4.17.3
    - kiwisolver==1.4.5
    - lxml==5.3.0
    - Mako==1.2.4
    - MarkupSafe==2.1.5
    - matplotlib==3.5.3
    - numpy==1.21.6
    - okonomiyaki==2.0.0
    - parameterized==0.9.0
    - pdfminer.six==20231228
    - Pillow==9.5.0
    - pkgutil-resolve-name==1.3.10
    - pluggy==1.2.0
    - ply==3.11
    - progressbar2==4.2.0
    - pycapnp==1.1.0
    - pycparser==2.21
    - pyjson==1.4.1
    - pyjson5==1.6.7
    - pyrsistent==0.19.3
    - pyserial==3.5
    - pytest==7.4.4
    - python-constraint==1.4.0
    - python-dateutil==2.9.0.post0
    - python-fpga-interchange @ https://github.com/chipsalliance/python-fpga-interchange/archive/master.zip
    - python-sat==1.8.dev13
    - python-utils==3.5.2
    - pyusb==1.2.1
    - PyYAML==6.0.1
    - quicklogic-fasm @ 
    https://github.com/QuickLogic-Corp/quicklogic-fasm/archive/aaf4c314a165b6185b0983019d8aae4d0d4db6cb.zip
    - requests==2.31.0
    - rr-graph @ 
    git+https://github.com/chipsalliance/f4pga-rr-graph.git@b8f0ebb6fd9842ae8bb7ff51a0adc5f76a853802
    - scipy==1.7.3
    - simplejson==3.19.3
    - simplesat==0.9.1
    - six==1.16.0
    - smmap==5.0.1
    - sortedcontainers==2.4.0
    - svgwrite==1.4.3
    - termcolor==2.3.0
    - textX==3.1.1
    - tinycss2==1.2.1
    - tinyfpgab==1.1.0
    - tinyprog==1.0.21
    - tomli==2.0.1
    - tqdm==4.66.5
    - urllib3==2.0.7
    - webencodings==0.5.1
    - yapf==0.26.0
    - -e third_party/prjxray
    - -e third_party/xc-fasm
    - -e third_party/qlf-fasm
    - -e third_party/python-sdf-timing
    - -e third_party/f4pga-v2x
    - -e third_party/vtr-xml-utils
    - -e third_party/f4pga-xc-fasm2bels
    - -e third_party/litex
    - -e third_party/litex-boards
    - -e third_party/litedram
    - -e third_party/liteeth
    - -e third_party/liteiclink
    - -e third_party/migen
    - -e quicklogic/common/utils/quicklogic-timings-importer
    - third_party/pythondata-cpu-vexriscv
    - third_party/pythondata-software-compiler_rt
prefix: /usr/share/miniconda/envs/f4pga_arch_def_base

