name: update_conda_lock

on:
  push:
  schedule:
    - cron: '0 3 * * *'
  workflow_dispatch:

jobs:
  update-locks:
    runs-on: ubuntu-18.04
    strategy:
      fail-fast: false
    steps:
    - name: Checkout Repository
      uses: actions/checkout@v2
      with:
        fetch-depth: 0
        submodules:  'recursive'
        ref:         'master'    # It will be the PR's base

    - name: Update Lock and Issue a Pull Request
      if: ${{ github.ref == 'refs/heads/master' }}
      uses: SymbiFlow/actions/update_conda_lock@3fdc436e761a6312c3e0a554f18b727c34434106
      with:
        branch_name_core: 'update_conda_lock'
        conda_lock_file:  'conda_lock.yml'
        environment_file: 'environment.yml'
        gh_access_token:  ${{ secrets.GITHUB_TOKEN }}
        user_email: 'foss-fpga-tools@google.com'
        user_name: 'SymbiFlow Robot'
